
Microsoft Visual Studio Solution File, Format Version 12.00
# Visual Studio 15
VisualStudioVersion = 15.0.28307.168
MinimumVisualStudioVersion = 10.0.40219.1
Project("{9A19103F-16F7-4668-BE54-9A1E7A4F7556}") = "SoloX.ExpressionTools.Parser", "src\tools\SoloX.ExpressionTools.Parser\SoloX.ExpressionTools.Parser.csproj", "{0A0D6737-BEDE-4FE5-82BF-DEE90E2AC3BB}"
EndProject
Project("{9A19103F-16F7-4668-BE54-9A1E7A4F7556}") = "SoloX.ExpressionTools.Parser.UTest", "src\tests\SoloX.ExpressionTools.Parser.UTest\SoloX.ExpressionTools.Parser.UTest.csproj", "{E57753AA-21CF-4A6A-A382-57E0BDFDCF03}"
EndProject
Project("{2150E333-8FDC-42A3-9474-1A3956D46DE8}") = "Solution Items", "Solution Items", "{276AD234-A593-4D0A-A91E-7BB90BA9F4B4}"
	ProjectSection(SolutionItems) = preProject
		LICENSE = LICENSE
		README.md = README.md
	EndProjectSection
EndProject
Project("{9A19103F-16F7-4668-BE54-9A1E7A4F7556}") = "SoloX.ExpressionTools", "src\tools\SoloX.ExpressionTools\SoloX.ExpressionTools.csproj", "{4BDA8338-210C-47A8-9278-2F4185A8A9C8}"
EndProject
Project("{9A19103F-16F7-4668-BE54-9A1E7A4F7556}") = "SoloX.ExpressionTools.UTest", "src\tests\SoloX.ExpressionTools.UTest\SoloX.ExpressionTools.UTest.csproj", "{2979EF4E-FBA7-4D06-BF17-DC00A12E946A}"
EndProject
Project("{FAE04EC0-301F-11D3-BF4B-00C04F79EFBC}") = "SoloX.ExpressionTools.Sample", "src\tests\SoloX.ExpressionTools.Sample\SoloX.ExpressionTools.Sample.csproj", "{6DA7CD29-00DC-4DF4-BD1B-3E8F275E0BCE}"
EndProject
Global
	GlobalSection(SolutionConfigurationPlatforms) = preSolution
		Debug|Any CPU = Debug|Any CPU
		Release|Any CPU = Release|Any CPU
	EndGlobalSection
	GlobalSection(ProjectConfigurationPlatforms) = postSolution
		{0A0D6737-BEDE-4FE5-82BF-DEE90E2AC3BB}.Debug|Any CPU.ActiveCfg = Debug|Any CPU
		{0A0D6737-BEDE-4FE5-82BF-DEE90E2AC3BB}.Debug|Any CPU.Build.0 = Debug|Any CPU
		{0A0D6737-BEDE-4FE5-82BF-DEE90E2AC3BB}.Release|Any CPU.ActiveCfg = Release|Any CPU
		{0A0D6737-BEDE-4FE5-82BF-DEE90E2AC3BB}.Release|Any CPU.Build.0 = Release|Any CPU
		{E57753AA-21CF-4A6A-A382-57E0BDFDCF03}.Debug|Any CPU.ActiveCfg = Debug|Any CPU
		{E57753AA-21CF-4A6A-A382-57E0BDFDCF03}.Debug|Any CPU.Build.0 = Debug|Any CPU
		{E57753AA-21CF-4A6A-A382-57E0BDFDCF03}.Release|Any CPU.ActiveCfg = Release|Any CPU
		{E57753AA-21CF-4A6A-A382-57E0BDFDCF03}.Release|Any CPU.Build.0 = Release|Any CPU
		{4BDA8338-210C-47A8-9278-2F4185A8A9C8}.Debug|Any CPU.ActiveCfg = Debug|Any CPU
		{4BDA8338-210C-47A8-9278-2F4185A8A9C8}.Debug|Any CPU.Build.0 = Debug|Any CPU
		{4BDA8338-210C-47A8-9278-2F4185A8A9C8}.Release|Any CPU.ActiveCfg = Release|Any CPU
		{4BDA8338-210C-47A8-9278-2F4185A8A9C8}.Release|Any CPU.Build.0 = Release|Any CPU
		{2979EF4E-FBA7-4D06-BF17-DC00A12E946A}.Debug|Any CPU.ActiveCfg = Debug|Any CPU
		{2979EF4E-FBA7-4D06-BF17-DC00A12E946A}.Debug|Any CPU.Build.0 = Debug|Any CPU
		{2979EF4E-FBA7-4D06-BF17-DC00A12E946A}.Release|Any CPU.ActiveCfg = Release|Any CPU
		{2979EF4E-FBA7-4D06-BF17-DC00A12E946A}.Release|Any CPU.Build.0 = Release|Any CPU
		{6DA7CD29-00DC-4DF4-BD1B-3E8F275E0BCE}.Debug|Any CPU.ActiveCfg = Debug|Any CPU
		{6DA7CD29-00DC-4DF4-BD1B-3E8F275E0BCE}.Debug|Any CPU.Build.0 = Debug|Any CPU
		{6DA7CD29-00DC-4DF4-BD1B-3E8F275E0BCE}.Release|Any CPU.ActiveCfg = Release|Any CPU
		{6DA7CD29-00DC-4DF4-BD1B-3E8F275E0BCE}.Release|Any CPU.Build.0 = Release|Any CPU
	EndGlobalSection
	GlobalSection(SolutionProperties) = preSolution
		HideSolutionNode = FALSE
	EndGlobalSection
	GlobalSection(ExtensibilityGlobals) = postSolution
		SolutionGuid = {069F1596-2183-472E-BC03-B3D1795512B3}
	EndGlobalSection
EndGlobal
